
Microsoft Visual Studio Solution File, Format Version 11.00
# Visual Studio 2010
Project("{FAE04EC0-301F-11D3-BF4B-00C04F79EFBC}") = "Loogn.Common", "Loogn.Common\Loogn.Common.csproj", "{9BC0A4C2-2A5A-4472-AA6B-451B1F461B19}"
EndProject
Project("{FAE04EC0-301F-11D3-BF4B-00C04F79EFBC}") = "ConsoleTest", "ConsoleTest\ConsoleTest.csproj", "{6010B6DB-E419-4A82-B0E7-C5A454D85B79}"
EndProject
Project("{FAE04EC0-301F-11D3-BF4B-00C04F79EFBC}") = "Loogn.DB", "Loogn.DB\Loogn.DB.csproj", "{A1BEE895-21F8-4166-A430-7813EDA6EF41}"
EndProject
Project("{FAE04EC0-301F-11D3-BF4B-00C04F79EFBC}") = "Loogn.Timer", "Loogn.Timer\Loogn.Timer.csproj", "{E53F44FF-EE5B-4A42-8376-EBE673875B71}"
EndProject
Project("{FAE04EC0-301F-11D3-BF4B-00C04F79EFBC}") = "WebTest", "WebTest\WebTest.csproj", "{C7CE7210-29E3-4717-A262-16F512DDCC9F}"
EndProject
Project("{FAE04EC0-301F-11D3-BF4B-00C04F79EFBC}") = "NuGetServer", "NuGetServer\NuGetServer.csproj", "{814507EB-4D4B-4464-9C2A-57DE4C5FACC1}"
EndProject
Project("{FAE04EC0-301F-11D3-BF4B-00C04F79EFBC}") = "BeITMemcached", "BeITMemcached\BeITMemcached.csproj", "{B09B6F90-7AF4-43BE-8C02-E36AB2487A98}"
EndProject
Project("{FAE04EC0-301F-11D3-BF4B-00C04F79EFBC}") = "Loogn.DB.Sqlite", "Loogn.DB.Sqlite\Loogn.DB.Sqlite.csproj", "{09C9AD5C-0E3A-4405-9FEF-B98FD507A233}"
EndProject
Project("{FAE04EC0-301F-11D3-BF4B-00C04F79EFBC}") = "Loogn.DB.MySql", "Loogn.DB.MySql\Loogn.DB.MySql.csproj", "{47D2A632-B0AC-4D34-AD0E-F6683215F2A7}"
EndProject
Global
	GlobalSection(SolutionConfigurationPlatforms) = preSolution
		Debug|Any CPU = Debug|Any CPU
		Debug|Mixed Platforms = Debug|Mixed Platforms
		Debug|x86 = Debug|x86
		Release|Any CPU = Release|Any CPU
		Release|Mixed Platforms = Release|Mixed Platforms
		Release|x86 = Release|x86
	EndGlobalSection
	GlobalSection(ProjectConfigurationPlatforms) = postSolution
		{9BC0A4C2-2A5A-4472-AA6B-451B1F461B19}.Debug|Any CPU.ActiveCfg = Debug|x86
		{9BC0A4C2-2A5A-4472-AA6B-451B1F461B19}.Debug|Mixed Platforms.ActiveCfg = Debug|x86
		{9BC0A4C2-2A5A-4472-AA6B-451B1F461B19}.Debug|Mixed Platforms.Build.0 = Debug|x86
		{9BC0A4C2-2A5A-4472-AA6B-451B1F461B19}.Debug|x86.ActiveCfg = Debug|x86
		{9BC0A4C2-2A5A-4472-AA6B-451B1F461B19}.Debug|x86.Build.0 = Debug|x86
		{9BC0A4C2-2A5A-4472-AA6B-451B1F461B19}.Release|Any CPU.ActiveCfg = Release|x86
		{9BC0A4C2-2A5A-4472-AA6B-451B1F461B19}.Release|Mixed Platforms.ActiveCfg = Release|x86
		{9BC0A4C2-2A5A-4472-AA6B-451B1F461B19}.Release|Mixed Platforms.Build.0 = Release|x86
		{9BC0A4C2-2A5A-4472-AA6B-451B1F461B19}.Release|x86.ActiveCfg = Release|x86
		{9BC0A4C2-2A5A-4472-AA6B-451B1F461B19}.Release|x86.Build.0 = Release|x86
		{6010B6DB-E419-4A82-B0E7-C5A454D85B79}.Debug|Any CPU.ActiveCfg = Debug|x86
		{6010B6DB-E419-4A82-B0E7-C5A454D85B79}.Debug|Mixed Platforms.ActiveCfg = Debug|x86
		{6010B6DB-E419-4A82-B0E7-C5A454D85B79}.Debug|Mixed Platforms.Build.0 = Debug|x86
		{6010B6DB-E419-4A82-B0E7-C5A454D85B79}.Debug|x86.ActiveCfg = Debug|x86
		{6010B6DB-E419-4A82-B0E7-C5A454D85B79}.Debug|x86.Build.0 = Debug|x86
		{6010B6DB-E419-4A82-B0E7-C5A454D85B79}.Release|Any CPU.ActiveCfg = Release|x86
		{6010B6DB-E419-4A82-B0E7-C5A454D85B79}.Release|Mixed Platforms.ActiveCfg = Release|x86
		{6010B6DB-E419-4A82-B0E7-C5A454D85B79}.Release|Mixed Platforms.Build.0 = Release|x86
		{6010B6DB-E419-4A82-B0E7-C5A454D85B79}.Release|x86.ActiveCfg = Release|x86
		{6010B6DB-E419-4A82-B0E7-C5A454D85B79}.Release|x86.Build.0 = Release|x86
		{A1BEE895-21F8-4166-A430-7813EDA6EF41}.Debug|Any CPU.ActiveCfg = Debug|x86
		{A1BEE895-21F8-4166-A430-7813EDA6EF41}.Debug|Mixed Platforms.ActiveCfg = Debug|x86
		{A1BEE895-21F8-4166-A430-7813EDA6EF41}.Debug|Mixed Platforms.Build.0 = Debug|x86
		{A1BEE895-21F8-4166-A430-7813EDA6EF41}.Debug|x86.ActiveCfg = Debug|x86
		{A1BEE895-21F8-4166-A430-7813EDA6EF41}.Debug|x86.Build.0 = Debug|x86
		{A1BEE895-21F8-4166-A430-7813EDA6EF41}.Release|Any CPU.ActiveCfg = Release|x86
		{A1BEE895-21F8-4166-A430-7813EDA6EF41}.Release|Mixed Platforms.ActiveCfg = Release|x86
		{A1BEE895-21F8-4166-A430-7813EDA6EF41}.Release|Mixed Platforms.Build.0 = Release|x86
		{A1BEE895-21F8-4166-A430-7813EDA6EF41}.Release|x86.ActiveCfg = Release|x86
		{A1BEE895-21F8-4166-A430-7813EDA6EF41}.Release|x86.Build.0 = Release|x86
		{E53F44FF-EE5B-4A42-8376-EBE673875B71}.Debug|Any CPU.ActiveCfg = Debug|Any CPU
		{E53F44FF-EE5B-4A42-8376-EBE673875B71}.Debug|Any CPU.Build.0 = Debug|Any CPU
		{E53F44FF-EE5B-4A42-8376-EBE673875B71}.Debug|Mixed Platforms.ActiveCfg = Debug|Any CPU
		{E53F44FF-EE5B-4A42-8376-EBE673875B71}.Debug|Mixed Platforms.Build.0 = Debug|Any CPU
		{E53F44FF-EE5B-4A42-8376-EBE673875B71}.Debug|x86.ActiveCfg = Debug|Any CPU
		{E53F44FF-EE5B-4A42-8376-EBE673875B71}.Release|Any CPU.ActiveCfg = Release|Any CPU
		{E53F44FF-EE5B-4A42-8376-EBE673875B71}.Release|Any CPU.Build.0 = Release|Any CPU
		{E53F44FF-EE5B-4A42-8376-EBE673875B71}.Release|Mixed Platforms.ActiveCfg = Release|Any CPU
		{E53F44FF-EE5B-4A42-8376-EBE673875B71}.Release|Mixed Platforms.Build.0 = Release|Any CPU
		{E53F44FF-EE5B-4A42-8376-EBE673875B71}.Release|x86.ActiveCfg = Release|Any CPU
		{C7CE7210-29E3-4717-A262-16F512DDCC9F}.Debug|Any CPU.ActiveCfg = Debug|Any CPU
		{C7CE7210-29E3-4717-A262-16F512DDCC9F}.Debug|Any CPU.Build.0 = Debug|Any CPU
		{C7CE7210-29E3-4717-A262-16F512DDCC9F}.Debug|Mixed Platforms.ActiveCfg = Debug|Any CPU
		{C7CE7210-29E3-4717-A262-16F512DDCC9F}.Debug|Mixed Platforms.Build.0 = Debug|Any CPU
		{C7CE7210-29E3-4717-A262-16F512DDCC9F}.Debug|x86.ActiveCfg = Debug|Any CPU
		{C7CE7210-29E3-4717-A262-16F512DDCC9F}.Release|Any CPU.ActiveCfg = Release|Any CPU
		{C7CE7210-29E3-4717-A262-16F512DDCC9F}.Release|Any CPU.Build.0 = Release|Any CPU
		{C7CE7210-29E3-4717-A262-16F512DDCC9F}.Release|Mixed Platforms.ActiveCfg = Release|Any CPU
		{C7CE7210-29E3-4717-A262-16F512DDCC9F}.Release|Mixed Platforms.Build.0 = Release|Any CPU
		{C7CE7210-29E3-4717-A262-16F512DDCC9F}.Release|x86.ActiveCfg = Release|Any CPU
		{814507EB-4D4B-4464-9C2A-57DE4C5FACC1}.Debug|Any CPU.ActiveCfg = Debug|Any CPU
		{814507EB-4D4B-4464-9C2A-57DE4C5FACC1}.Debug|Any CPU.Build.0 = Debug|Any CPU
		{814507EB-4D4B-4464-9C2A-57DE4C5FACC1}.Debug|Mixed Platforms.ActiveCfg = Debug|Any CPU
		{814507EB-4D4B-4464-9C2A-57DE4C5FACC1}.Debug|Mixed Platforms.Build.0 = Debug|Any CPU
		{814507EB-4D4B-4464-9C2A-57DE4C5FACC1}.Debug|x86.ActiveCfg = Debug|Any CPU
		{814507EB-4D4B-4464-9C2A-57DE4C5FACC1}.Release|Any CPU.ActiveCfg = Release|Any CPU
		{814507EB-4D4B-4464-9C2A-57DE4C5FACC1}.Release|Any CPU.Build.0 = Release|Any CPU
		{814507EB-4D4B-4464-9C2A-57DE4C5FACC1}.Release|Mixed Platforms.ActiveCfg = Release|Any CPU
		{814507EB-4D4B-4464-9C2A-57DE4C5FACC1}.Release|Mixed Platforms.Build.0 = Release|Any CPU
		{814507EB-4D4B-4464-9C2A-57DE4C5FACC1}.Release|x86.ActiveCfg = Release|Any CPU
		{B09B6F90-7AF4-43BE-8C02-E36AB2487A98}.Debug|Any CPU.ActiveCfg = Debug|Any CPU
		{B09B6F90-7AF4-43BE-8C02-E36AB2487A98}.Debug|Any CPU.Build.0 = Debug|Any CPU
		{B09B6F90-7AF4-43BE-8C02-E36AB2487A98}.Debug|Mixed Platforms.ActiveCfg = Debug|Any CPU
		{B09B6F90-7AF4-43BE-8C02-E36AB2487A98}.Debug|Mixed Platforms.Build.0 = Debug|Any CPU
		{B09B6F90-7AF4-43BE-8C02-E36AB2487A98}.Debug|x86.ActiveCfg = Debug|Any CPU
		{B09B6F90-7AF4-43BE-8C02-E36AB2487A98}.Release|Any CPU.ActiveCfg = Release|Any CPU
		{B09B6F90-7AF4-43BE-8C02-E36AB2487A98}.Release|Any CPU.Build.0 = Release|Any CPU
		{B09B6F90-7AF4-43BE-8C02-E36AB2487A98}.Release|Mixed Platforms.ActiveCfg = Release|Any CPU
		{B09B6F90-7AF4-43BE-8C02-E36AB2487A98}.Release|Mixed Platforms.Build.0 = Release|Any CPU
		{B09B6F90-7AF4-43BE-8C02-E36AB2487A98}.Release|x86.ActiveCfg = Release|Any CPU
		{09C9AD5C-0E3A-4405-9FEF-B98FD507A233}.Debug|Any CPU.ActiveCfg = Debug|Any CPU
		{09C9AD5C-0E3A-4405-9FEF-B98FD507A233}.Debug|Any CPU.Build.0 = Debug|Any CPU
		{09C9AD5C-0E3A-4405-9FEF-B98FD507A233}.Debug|Mixed Platforms.ActiveCfg = Debug|Any CPU
		{09C9AD5C-0E3A-4405-9FEF-B98FD507A233}.Debug|Mixed Platforms.Build.0 = Debug|Any CPU
		{09C9AD5C-0E3A-4405-9FEF-B98FD507A233}.Debug|x86.ActiveCfg = Debug|Any CPU
		{09C9AD5C-0E3A-4405-9FEF-B98FD507A233}.Release|Any CPU.ActiveCfg = Release|Any CPU
		{09C9AD5C-0E3A-4405-9FEF-B98FD507A233}.Release|Any CPU.Build.0 = Release|Any CPU
		{09C9AD5C-0E3A-4405-9FEF-B98FD507A233}.Release|Mixed Platforms.ActiveCfg = Release|Any CPU
		{09C9AD5C-0E3A-4405-9FEF-B98FD507A233}.Release|Mixed Platforms.Build.0 = Release|Any CPU
		{09C9AD5C-0E3A-4405-9FEF-B98FD507A233}.Release|x86.ActiveCfg = Release|Any CPU
		{47D2A632-B0AC-4D34-AD0E-F6683215F2A7}.Debug|Any CPU.ActiveCfg = Debug|Any CPU
		{47D2A632-B0AC-4D34-AD0E-F6683215F2A7}.Debug|Any CPU.Build.0 = Debug|Any CPU
		{47D2A632-B0AC-4D34-AD0E-F6683215F2A7}.Debug|Mixed Platforms.ActiveCfg = Debug|Any CPU
		{47D2A632-B0AC-4D34-AD0E-F6683215F2A7}.Debug|Mixed Platforms.Build.0 = Debug|Any CPU
		{47D2A632-B0AC-4D34-AD0E-F6683215F2A7}.Debug|x86.ActiveCfg = Debug|Any CPU
		{47D2A632-B0AC-4D34-AD0E-F6683215F2A7}.Release|Any CPU.ActiveCfg = Release|Any CPU
		{47D2A632-B0AC-4D34-AD0E-F6683215F2A7}.Release|Any CPU.Build.0 = Release|Any CPU
		{47D2A632-B0AC-4D34-AD0E-F6683215F2A7}.Release|Mixed Platforms.ActiveCfg = Release|Any CPU
		{47D2A632-B0AC-4D34-AD0E-F6683215F2A7}.Release|Mixed Platforms.Build.0 = Release|Any CPU
		{47D2A632-B0AC-4D34-AD0E-F6683215F2A7}.Release|x86.ActiveCfg = Release|Any CPU
	EndGlobalSection
	GlobalSection(SolutionProperties) = preSolution
		HideSolutionNode = FALSE
	EndGlobalSection
EndGlobal
